{
  "name": "myShop-miniprogram",
  "version": "1.0.0",
  "lockfileVersion": 1,
  "requires": true,
  "dependencies": {
    "balajs": {
      "version": "0.1.9",
      "resolved": "https://registry.npmjs.org/balajs/-/balajs-0.1.9.tgz",
      "integrity": "sha1-4D0eb7iNU8waJZGnv+xw0eUtjwA="
    },
    "element-closest": {
      "version": "2.0.2",
      "resolved": "https://registry.npmjs.org/element-closest/-/element-closest-2.0.2.tgz",
      "integrity": "sha1-cqdAoQdFM4LijfnOXbtajfD5Zuw="
    },
    "miniprogram-api-typings": {
      "version": "2.12.0",
      "resolved": "https://registry.npmmirror.com/miniprogram-api-typings/download/miniprogram-api-typings-2.12.0.tgz?cache=0&sync_timestamp=1635559997264&other_urls=https%3A%2F%2Fregistry.npmmirror.com%2Fminiprogram-api-typings%2Fdownload%2Fminiprogram-api-typings-2.12.0.tgz",
      "integrity": "sha1-einJDz5e+jZYhCLR8B4i0zlKqqE=",
      "dev": true
    },
    "object-assign": {
      "version": "4.1.1",
      "resolved": "https://registry.npmjs.org/object-assign/-/object-assign-4.1.1.tgz",
      "integrity": "sha1-IQmtx5ZYh8/AXLvUQsrIv7s2CGM="
    },
    "tim-wx-sdk": {
      "version": "2.19.1",
      "resolved": "https://registry.npmmirror.com/tim-wx-sdk/-/tim-wx-sdk-2.19.1.tgz",
      "integrity": "sha512-nd0GqiH57nfz+Tpg/NqBpgBtNwByeytHuBchXm8DwdscI5V6vwzVA0Nf3ZD0Noatb/afIlELdM7VMwii6nvPXw=="
    },
    "weui-miniprogram": {
      "version": "1.2.2",
      "resolved": "https://registry.npmjs.org/weui-miniprogram/-/weui-miniprogram-1.2.2.tgz",
      "integrity": "sha512-LjjhhnQJF9/snHWwpt/zn5XtJhMA1yWTcd2djLUxAu2pIjMitXKbHqR30w/AbV3om3IJX0DGSvCxYgMxRs4kyA=="
    },
    "weui.js": {
      "version": "1.2.12",
      "resolved": "https://registry.npmjs.org/weui.js/-/weui.js-1.2.12.tgz",
      "integrity": "sha512-PlvJ7H8MaB3z93x4yEviWkd7KhreUdpglvqXx4isSpfovZa2qF1ZLLb04bgiQFB2733sJFC3vo05az3EzTCEdw==",
      "requires": {
        "balajs": "^0.1.9",
        "element-closest": "^2.0.1",
        "object-assign": "^4.1.0"
      }
    }
  }
}
